
Microsoft Visual Studio Solution File, Format Version 12.00
# Visual Studio 2012
Project("{D954291E-2A0B-460D-934E-DC6B0785DB48}") = "ClassSchedule_CUST", "ClassSchedule_CUST\ClassSchedule_CUST.shproj", "{1E3EE58D-C80B-475F-A95A-23C99DE6C1FF}"
EndProject
Project("{FAE04EC0-301F-11D3-BF4B-00C04F79EFBC}") = "ClassSchedule_CUST.iOS", "iOS\ClassSchedule_CUST.iOS.csproj", "{1083198F-2955-46B2-96A1-4DD7D765B86F}"
EndProject
Project("{FAE04EC0-301F-11D3-BF4B-00C04F79EFBC}") = "ClassSchedule_CUST.Droid", "Droid\ClassSchedule_CUST.Droid.csproj", "{3D89E387-3D3A-4777-851F-E7C6D6C436EF}"
EndProject
Global
	GlobalSection(SolutionConfigurationPlatforms) = preSolution
		Debug|iPhoneSimulator = Debug|iPhoneSimulator
		Release|iPhone = Release|iPhone
		Release|iPhoneSimulator = Release|iPhoneSimulator
		Debug|iPhone = Debug|iPhone
		Debug|Any CPU = Debug|Any CPU
		Release|Any CPU = Release|Any CPU
	EndGlobalSection
	GlobalSection(ProjectConfigurationPlatforms) = postSolution
		{1083198F-2955-46B2-96A1-4DD7D765B86F}.Debug|iPhoneSimulator.ActiveCfg = Debug|iPhoneSimulator
		{1083198F-2955-46B2-96A1-4DD7D765B86F}.Debug|iPhoneSimulator.Build.0 = Debug|iPhoneSimulator
		{1083198F-2955-46B2-96A1-4DD7D765B86F}.Release|iPhone.ActiveCfg = Release|iPhone
		{1083198F-2955-46B2-96A1-4DD7D765B86F}.Release|iPhone.Build.0 = Release|iPhone
		{1083198F-2955-46B2-96A1-4DD7D765B86F}.Release|iPhoneSimulator.ActiveCfg = Release|iPhoneSimulator
		{1083198F-2955-46B2-96A1-4DD7D765B86F}.Release|iPhoneSimulator.Build.0 = Release|iPhoneSimulator
		{1083198F-2955-46B2-96A1-4DD7D765B86F}.Debug|iPhone.ActiveCfg = Debug|iPhone
		{1083198F-2955-46B2-96A1-4DD7D765B86F}.Debug|iPhone.Build.0 = Debug|iPhone
		{1083198F-2955-46B2-96A1-4DD7D765B86F}.Debug|Any CPU.ActiveCfg = Debug|iPhoneSimulator
		{1083198F-2955-46B2-96A1-4DD7D765B86F}.Debug|Any CPU.Build.0 = Debug|iPhoneSimulator
		{1083198F-2955-46B2-96A1-4DD7D765B86F}.Release|Any CPU.ActiveCfg = Release|iPhone
		{1083198F-2955-46B2-96A1-4DD7D765B86F}.Release|Any CPU.Build.0 = Release|iPhone
		{3D89E387-3D3A-4777-851F-E7C6D6C436EF}.Debug|iPhoneSimulator.ActiveCfg = Debug|Any CPU
		{3D89E387-3D3A-4777-851F-E7C6D6C436EF}.Debug|iPhoneSimulator.Build.0 = Debug|Any CPU
		{3D89E387-3D3A-4777-851F-E7C6D6C436EF}.Release|iPhone.ActiveCfg = Release|Any CPU
		{3D89E387-3D3A-4777-851F-E7C6D6C436EF}.Release|iPhone.Build.0 = Release|Any CPU
		{3D89E387-3D3A-4777-851F-E7C6D6C436EF}.Release|iPhoneSimulator.ActiveCfg = Release|Any CPU
		{3D89E387-3D3A-4777-851F-E7C6D6C436EF}.Release|iPhoneSimulator.Build.0 = Release|Any CPU
		{3D89E387-3D3A-4777-851F-E7C6D6C436EF}.Debug|iPhone.ActiveCfg = Debug|Any CPU
		{3D89E387-3D3A-4777-851F-E7C6D6C436EF}.Debug|iPhone.Build.0 = Debug|Any CPU
		{3D89E387-3D3A-4777-851F-E7C6D6C436EF}.Debug|Any CPU.ActiveCfg = Debug|Any CPU
		{3D89E387-3D3A-4777-851F-E7C6D6C436EF}.Debug|Any CPU.Build.0 = Debug|Any CPU
		{3D89E387-3D3A-4777-851F-E7C6D6C436EF}.Release|Any CPU.ActiveCfg = Release|Any CPU
		{3D89E387-3D3A-4777-851F-E7C6D6C436EF}.Release|Any CPU.Build.0 = Release|Any CPU
	EndGlobalSection
EndGlobal
